
Microsoft Visual Studio Solution File, Format Version 12.00
# Visual Studio 14
VisualStudioVersion = 14.0.23107.0
MinimumVisualStudioVersion = 10.0.40219.1
Project("{FAE04EC0-301F-11D3-BF4B-00C04F79EFBC}") = "DataReader", "DataReader\DataReader.csproj", "{6E131509-A2DB-411F-ACF5-9CA1CC5CD930}"
EndProject
Project("{FAE04EC0-301F-11D3-BF4B-00C04F79EFBC}") = "01.SumAndAverage", "01.SumAndAverage\01.SumAndAverage.csproj", "{5D71D241-72C5-4FEE-B186-B10756D20522}"
EndProject
Project("{FAE04EC0-301F-11D3-BF4B-00C04F79EFBC}") = "02.ReverseNumbersSequence", "02.ReverseNumbersSequence\02.ReverseNumbersSequence.csproj", "{B5D7754E-B772-4C64-BF76-E544352EEA91}"
EndProject
Project("{FAE04EC0-301F-11D3-BF4B-00C04F79EFBC}") = "03.SortIntegers", "03.SortIntegers\03.SortIntegers.csproj", "{B5F9C5C6-FB42-4C7E-897C-EBFD24540AE2}"
EndProject
Project("{FAE04EC0-301F-11D3-BF4B-00C04F79EFBC}") = "04.LongestSubsequence", "04.LongestSubsequence\04.LongestSubsequence.csproj", "{EBA19A9A-BC57-4936-BC37-68941D72A402}"
EndProject
Project("{FAE04EC0-301F-11D3-BF4B-00C04F79EFBC}") = "05.RemoveNegatives", "05.RemoveNegatives\05.RemoveNegatives.csproj", "{733A1DE3-0A39-46DB-9F0C-BAC24DD51242}"
EndProject
Project("{FAE04EC0-301F-11D3-BF4B-00C04F79EFBC}") = "06.RemoveElementsMetOddNumberOfTimes", "06.RemoveElementsMetOddNumberOfTimes\06.RemoveElementsMetOddNumberOfTimes.csproj", "{CE6B1DD4-DD87-418E-840D-21EB4D2F8824}"
EndProject
Project("{FAE04EC0-301F-11D3-BF4B-00C04F79EFBC}") = "07.CountOccurances", "07.CountOccurances\07.CountOccurances.csproj", "{25D4C413-601D-4AA0-9D36-162183A82AD6}"
EndProject
Global
	GlobalSection(SolutionConfigurationPlatforms) = preSolution
		Debug|Any CPU = Debug|Any CPU
		Release|Any CPU = Release|Any CPU
	EndGlobalSection
	GlobalSection(ProjectConfigurationPlatforms) = postSolution
		{6E131509-A2DB-411F-ACF5-9CA1CC5CD930}.Debug|Any CPU.ActiveCfg = Debug|Any CPU
		{6E131509-A2DB-411F-ACF5-9CA1CC5CD930}.Debug|Any CPU.Build.0 = Debug|Any CPU
		{6E131509-A2DB-411F-ACF5-9CA1CC5CD930}.Release|Any CPU.ActiveCfg = Release|Any CPU
		{6E131509-A2DB-411F-ACF5-9CA1CC5CD930}.Release|Any CPU.Build.0 = Release|Any CPU
		{5D71D241-72C5-4FEE-B186-B10756D20522}.Debug|Any CPU.ActiveCfg = Debug|Any CPU
		{5D71D241-72C5-4FEE-B186-B10756D20522}.Debug|Any CPU.Build.0 = Debug|Any CPU
		{5D71D241-72C5-4FEE-B186-B10756D20522}.Release|Any CPU.ActiveCfg = Release|Any CPU
		{5D71D241-72C5-4FEE-B186-B10756D20522}.Release|Any CPU.Build.0 = Release|Any CPU
		{B5D7754E-B772-4C64-BF76-E544352EEA91}.Debug|Any CPU.ActiveCfg = Debug|Any CPU
		{B5D7754E-B772-4C64-BF76-E544352EEA91}.Debug|Any CPU.Build.0 = Debug|Any CPU
		{B5D7754E-B772-4C64-BF76-E544352EEA91}.Release|Any CPU.ActiveCfg = Release|Any CPU
		{B5D7754E-B772-4C64-BF76-E544352EEA91}.Release|Any CPU.Build.0 = Release|Any CPU
		{B5F9C5C6-FB42-4C7E-897C-EBFD24540AE2}.Debug|Any CPU.ActiveCfg = Debug|Any CPU
		{B5F9C5C6-FB42-4C7E-897C-EBFD24540AE2}.Debug|Any CPU.Build.0 = Debug|Any CPU
		{B5F9C5C6-FB42-4C7E-897C-EBFD24540AE2}.Release|Any CPU.ActiveCfg = Release|Any CPU
		{B5F9C5C6-FB42-4C7E-897C-EBFD24540AE2}.Release|Any CPU.Build.0 = Release|Any CPU
		{EBA19A9A-BC57-4936-BC37-68941D72A402}.Debug|Any CPU.ActiveCfg = Debug|Any CPU
		{EBA19A9A-BC57-4936-BC37-68941D72A402}.Debug|Any CPU.Build.0 = Debug|Any CPU
		{EBA19A9A-BC57-4936-BC37-68941D72A402}.Release|Any CPU.ActiveCfg = Release|Any CPU
		{EBA19A9A-BC57-4936-BC37-68941D72A402}.Release|Any CPU.Build.0 = Release|Any CPU
		{733A1DE3-0A39-46DB-9F0C-BAC24DD51242}.Debug|Any CPU.ActiveCfg = Debug|Any CPU
		{733A1DE3-0A39-46DB-9F0C-BAC24DD51242}.Debug|Any CPU.Build.0 = Debug|Any CPU
		{733A1DE3-0A39-46DB-9F0C-BAC24DD51242}.Release|Any CPU.ActiveCfg = Release|Any CPU
		{733A1DE3-0A39-46DB-9F0C-BAC24DD51242}.Release|Any CPU.Build.0 = Release|Any CPU
		{CE6B1DD4-DD87-418E-840D-21EB4D2F8824}.Debug|Any CPU.ActiveCfg = Debug|Any CPU
		{CE6B1DD4-DD87-418E-840D-21EB4D2F8824}.Debug|Any CPU.Build.0 = Debug|Any CPU
		{CE6B1DD4-DD87-418E-840D-21EB4D2F8824}.Release|Any CPU.ActiveCfg = Release|Any CPU
		{CE6B1DD4-DD87-418E-840D-21EB4D2F8824}.Release|Any CPU.Build.0 = Release|Any CPU
		{25D4C413-601D-4AA0-9D36-162183A82AD6}.Debug|Any CPU.ActiveCfg = Debug|Any CPU
		{25D4C413-601D-4AA0-9D36-162183A82AD6}.Debug|Any CPU.Build.0 = Debug|Any CPU
		{25D4C413-601D-4AA0-9D36-162183A82AD6}.Release|Any CPU.ActiveCfg = Release|Any CPU
		{25D4C413-601D-4AA0-9D36-162183A82AD6}.Release|Any CPU.Build.0 = Release|Any CPU
	EndGlobalSection
	GlobalSection(SolutionProperties) = preSolution
		HideSolutionNode = FALSE
	EndGlobalSection
EndGlobal
