
Microsoft Visual Studio Solution File, Format Version 12.00
# Visual Studio 14
VisualStudioVersion = 14.0.23107.0
MinimumVisualStudioVersion = 10.0.40219.1
Project("{FAE04EC0-301F-11D3-BF4B-00C04F79EFBC}") = "01. CountDoubles", "01. CountDoubles\01. CountDoubles.csproj", "{B97BF85E-42AE-42CA-A91C-51270795F09F}"
EndProject
Project("{FAE04EC0-301F-11D3-BF4B-00C04F79EFBC}") = "02.ElementsMetOddNumberOfTimes", "02.ElementsMetOddNumberOfTimes\02.ElementsMetOddNumberOfTimes.csproj", "{8C53EA82-75BA-45E2-9116-C77C0567F746}"
EndProject
Project("{FAE04EC0-301F-11D3-BF4B-00C04F79EFBC}") = "03.CountWords", "03.CountWords\03.CountWords.csproj", "{EE10AD08-A915-4C61-ADC4-F67078612965}"
EndProject
Global
	GlobalSection(SolutionConfigurationPlatforms) = preSolution
		Debug|Any CPU = Debug|Any CPU
		Release|Any CPU = Release|Any CPU
	EndGlobalSection
	GlobalSection(ProjectConfigurationPlatforms) = postSolution
		{B97BF85E-42AE-42CA-A91C-51270795F09F}.Debug|Any CPU.ActiveCfg = Debug|Any CPU
		{B97BF85E-42AE-42CA-A91C-51270795F09F}.Debug|Any CPU.Build.0 = Debug|Any CPU
		{B97BF85E-42AE-42CA-A91C-51270795F09F}.Release|Any CPU.ActiveCfg = Release|Any CPU
		{B97BF85E-42AE-42CA-A91C-51270795F09F}.Release|Any CPU.Build.0 = Release|Any CPU
		{8C53EA82-75BA-45E2-9116-C77C0567F746}.Debug|Any CPU.ActiveCfg = Debug|Any CPU
		{8C53EA82-75BA-45E2-9116-C77C0567F746}.Debug|Any CPU.Build.0 = Debug|Any CPU
		{8C53EA82-75BA-45E2-9116-C77C0567F746}.Release|Any CPU.ActiveCfg = Release|Any CPU
		{8C53EA82-75BA-45E2-9116-C77C0567F746}.Release|Any CPU.Build.0 = Release|Any CPU
		{EE10AD08-A915-4C61-ADC4-F67078612965}.Debug|Any CPU.ActiveCfg = Debug|Any CPU
		{EE10AD08-A915-4C61-ADC4-F67078612965}.Debug|Any CPU.Build.0 = Debug|Any CPU
		{EE10AD08-A915-4C61-ADC4-F67078612965}.Release|Any CPU.ActiveCfg = Release|Any CPU
		{EE10AD08-A915-4C61-ADC4-F67078612965}.Release|Any CPU.Build.0 = Release|Any CPU
	EndGlobalSection
	GlobalSection(SolutionProperties) = preSolution
		HideSolutionNode = FALSE
	EndGlobalSection
EndGlobal
